# This file is generated by running "yarn install" inside your project.
# Manual changes might be lost - proceed with caution!

__metadata:
  version: 6
  cacheKey: 8

"batch-a@workspace:packages/batch-a":
  version: 0.0.0-use.local
  resolution: "batch-a@workspace:packages/batch-a"
  dependencies:
    logger: "workspace:^"
  languageName: unknown
  linkType: soft

"lodash@npm:^4.0.0":
  version: 4.17.21
  resolution: "lodash@npm:4.17.21"
  checksum: eb835a2e51d381e561e508ce932ea50a8e5a68f4ebdd771ea240d3048244a8d13658acbd502cd4829768c56f2e16bdd4340b9ea141297d472517b83868e677f7
  languageName: node
  linkType: hard

"logger@workspace:^, logger@workspace:packages/logger":
  version: 0.0.0-use.local
  resolution: "logger@workspace:packages/logger"
  dependencies:
    lodash: ^4.0.0
    moment: ^2.29.4
    uuid: ^7.0.0
  languageName: unknown
  linkType: soft

"moment@npm:^2.29.4":
  version: 2.29.4
  resolution: "moment@npm:2.29.4"
  checksum: 0ec3f9c2bcba38dc2451b1daed5daded747f17610b92427bebe1d08d48d8b7bdd8d9197500b072d14e326dd0ccf3e326b9e3d07c5895d3d49e39b6803b76e80e
  languageName: node
  linkType: hard

"poc-hello-world@workspace:.":
  version: 0.0.0-use.local
  resolution: "poc-hello-world@workspace:."
  languageName: unknown
  linkType: soft

"uuid@npm:^7.0.0":
  version: 7.0.3
  resolution: "uuid@npm:7.0.3"
  bin:
    uuid: dist/bin/uuid
  checksum: f5b7b5cc28accac68d5c083fd51cca64896639ebd4cca88c6cfb363801aaa83aa439c86dfc8446ea250a7a98d17afd2ad9e88d9d4958c79a412eccb93bae29de
  languageName: node
  linkType: hard
